{
  "version": 4,
  "terraform_version": "1.4.5",
  "serial": 121,
  "lineage": "323517d2-4105-6f4e-61f1-f1ce81c50955",
  "outputs": {},
  "resources": [
    {
      "mode": "managed",
      "type": "azurerm_app_service",
      "name": "webapp",
      "provider": "provider[\"registry.terraform.io/hashicorp/azurerm\"]",
      "instances": [
        {
          "schema_version": 0,
          "attributes": {
            "app_service_plan_id": "/subscriptions/880d5397-7faf-45d3-9764-9d82bac0d7f9/resourceGroups/app-grp/providers/Microsoft.Web/serverfarms/app-plan1000",
            "app_settings": {
              "WEBSITE_NODE_DEFAULT_VERSION": "6.9.1"
            },
            "auth_settings": [
              {
                "active_directory": [],
                "additional_login_params": {},
                "allowed_external_redirect_urls": [],
                "default_provider": "",
                "enabled": false,
                "facebook": [],
                "google": [],
                "issuer": "",
                "microsoft": [],
                "runtime_version": "",
                "token_refresh_extension_hours": 0,
                "token_store_enabled": false,
                "twitter": [],
                "unauthenticated_client_action": ""
              }
            ],
            "backup": [],
            "client_affinity_enabled": false,
            "client_cert_enabled": false,
            "client_cert_mode": "Required",
            "connection_string": [],
            "custom_domain_verification_id": "59B2921F926BFFAF88D7115FC65A0BB4144997283CE6DEFF717E81A570DDFEAD",
            "default_site_hostname": "badalwebapp1998.azurewebsites.net",
            "enabled": true,
            "https_only": false,
            "id": "/subscriptions/880d5397-7faf-45d3-9764-9d82bac0d7f9/resourceGroups/app-grp/providers/Microsoft.Web/sites/badalwebapp1998",
            "identity": [],
            "key_vault_reference_identity_id": "SystemAssigned",
            "location": "northeurope",
            "logs": [
              {
                "application_logs": [
                  {
                    "azure_blob_storage": [],
                    "file_system_level": "Off"
                  }
                ],
                "detailed_error_messages_enabled": false,
                "failed_request_tracing_enabled": false,
                "http_logs": [
                  {
                    "azure_blob_storage": [],
                    "file_system": []
                  }
                ]
              }
            ],
            "name": "badalwebapp1998",
            "outbound_ip_address_list": [
              "51.104.146.179",
              "51.104.144.89",
              "20.54.17.178",
              "20.166.178.44",
              "20.166.178.88",
              "20.166.178.93",
              "20.166.232.210",
              "20.166.232.230",
              "20.166.232.234",
              "20.166.232.248",
              "20.166.233.30",
              "20.166.233.37",
              "20.107.224.29"
            ],
            "outbound_ip_addresses": "51.104.146.179,51.104.144.89,20.54.17.178,20.166.178.44,20.166.178.88,20.166.178.93,20.166.232.210,20.166.232.230,20.166.232.234,20.166.232.248,20.166.233.30,20.166.233.37,20.107.224.29",
            "possible_outbound_ip_address_list": [
              "51.104.146.179",
              "51.104.144.89",
              "20.54.17.178",
              "20.166.178.44",
              "20.166.178.88",
              "20.166.178.93",
              "20.166.232.210",
              "20.166.232.230",
              "20.166.232.234",
              "20.166.232.248",
              "20.166.233.30",
              "20.166.233.37",
              "20.54.16.241",
              "20.166.178.117",
              "20.166.178.133",
              "20.166.178.231",
              "20.166.178.232",
              "20.166.179.188",
              "20.166.179.214",
              "20.166.180.18",
              "20.166.180.99",
              "20.166.180.251",
              "20.166.181.65",
              "20.166.181.108",
              "20.166.182.5",
              "20.166.182.95",
              "20.166.182.107",
              "20.166.182.108",
              "20.166.182.110",
              "20.166.182.113",
              "20.166.232.210",
              "20.166.232.230",
              "20.166.232.234",
              "20.166.232.248",
              "20.166.233.30",
              "20.166.233.37",
              "20.166.182.160",
              "20.166.182.188",
              "20.166.182.224",
              "20.166.183.154",
              "20.166.183.170",
              "20.166.183.199",
              "20.107.224.29"
            ],
            "possible_outbound_ip_addresses": "51.104.146.179,51.104.144.89,20.54.17.178,20.166.178.44,20.166.178.88,20.166.178.93,20.166.232.210,20.166.232.230,20.166.232.234,20.166.232.248,20.166.233.30,20.166.233.37,20.54.16.241,20.166.178.117,20.166.178.133,20.166.178.231,20.166.178.232,20.166.179.188,20.166.179.214,20.166.180.18,20.166.180.99,20.166.180.251,20.166.181.65,20.166.181.108,20.166.182.5,20.166.182.95,20.166.182.107,20.166.182.108,20.166.182.110,20.166.182.113,20.166.232.210,20.166.232.230,20.166.232.234,20.166.232.248,20.166.233.30,20.166.233.37,20.166.182.160,20.166.182.188,20.166.182.224,20.166.183.154,20.166.183.170,20.166.183.199,20.107.224.29",
            "resource_group_name": "app-grp",
            "site_config": [
              {
                "acr_use_managed_identity_credentials": false,
                "acr_user_managed_identity_client_id": "",
                "always_on": false,
                "app_command_line": "",
                "auto_swap_slot_name": "",
                "cors": [],
                "default_documents": [
                  "Default.htm",
                  "Default.html",
                  "Default.asp",
                  "index.htm",
                  "index.html",
                  "iisstart.htm",
                  "default.aspx",
                  "index.php",
                  "hostingstart.html"
                ],
                "dotnet_framework_version": "v4.0",
                "ftps_state": "FtpsOnly",
                "health_check_path": "",
                "http2_enabled": false,
                "ip_restriction": [],
                "java_container": "",
                "java_container_version": "",
                "java_version": "",
                "linux_fx_version": "",
                "local_mysql_enabled": false,
                "managed_pipeline_mode": "Integrated",
                "min_tls_version": "1.2",
                "number_of_workers": 1,
                "php_version": "5.6",
                "python_version": "",
                "remote_debugging_enabled": false,
                "remote_debugging_version": "",
                "scm_ip_restriction": [],
                "scm_type": "None",
                "scm_use_main_ip_restriction": false,
                "use_32_bit_worker_process": true,
                "vnet_route_all_enabled": false,
                "websockets_enabled": false,
                "windows_fx_version": ""
              }
            ],
            "site_credential": [
              {
                "password": "PBPfz9J8TNZTWzj1jorAwcj7oAFdYHgfiwvTgcLmJzLzq9lSJnZDldgbxWnp",
                "username": "$badalwebapp1998"
              }
            ],
            "source_control": [
              {
                "branch": "main",
                "manual_integration": false,
                "repo_url": "",
                "rollback_enabled": false,
                "use_mercurial": false
              }
            ],
            "storage_account": [],
            "tags": null,
            "timeouts": null
          },
          "sensitive_attributes": [],
          "private": "eyJlMmJmYjczMC1lY2FhLTExZTYtOGY4OC0zNDM2M2JjN2M0YzAiOnsiY3JlYXRlIjoxODAwMDAwMDAwMDAwLCJkZWxldGUiOjE4MDAwMDAwMDAwMDAsInJlYWQiOjMwMDAwMDAwMDAwMCwidXBkYXRlIjoxODAwMDAwMDAwMDAwfX0=",
          "dependencies": [
            "azurerm_app_service_plan.app_plan1000",
            "azurerm_resource_group.app_grp"
          ]
        }
      ]
    },
    {
      "mode": "managed",
      "type": "azurerm_app_service_plan",
      "name": "app_plan1000",
      "provider": "provider[\"registry.terraform.io/hashicorp/azurerm\"]",
      "instances": [
        {
          "schema_version": 0,
          "attributes": {
            "app_service_environment_id": "",
            "id": "/subscriptions/880d5397-7faf-45d3-9764-9d82bac0d7f9/resourceGroups/app-grp/providers/Microsoft.Web/serverfarms/app-plan1000",
            "is_xenon": false,
            "kind": "Windows",
            "location": "northeurope",
            "maximum_elastic_worker_count": 1,
            "maximum_number_of_workers": 3,
            "name": "app-plan1000",
            "per_site_scaling": false,
            "reserved": false,
            "resource_group_name": "app-grp",
            "sku": [
              {
                "capacity": 1,
                "size": "B1",
                "tier": "Basic"
              }
            ],
            "tags": null,
            "timeouts": null,
            "zone_redundant": false
          },
          "sensitive_attributes": [],
          "private": "eyJlMmJmYjczMC1lY2FhLTExZTYtOGY4OC0zNDM2M2JjN2M0YzAiOnsiY3JlYXRlIjozNjAwMDAwMDAwMDAwLCJkZWxldGUiOjM2MDAwMDAwMDAwMDAsInJlYWQiOjMwMDAwMDAwMDAwMCwidXBkYXRlIjozNjAwMDAwMDAwMDAwfX0=",
          "dependencies": [
            "azurerm_resource_group.app_grp"
          ]
        }
      ]
    },
    {
      "mode": "managed",
      "type": "azurerm_availability_set",
      "name": "app_set",
      "provider": "provider[\"registry.terraform.io/hashicorp/azurerm\"]",
      "instances": [
        {
          "schema_version": 0,
          "attributes": {
            "id": "/subscriptions/880d5397-7faf-45d3-9764-9d82bac0d7f9/resourceGroups/app-grp/providers/Microsoft.Compute/availabilitySets/app-set",
            "location": "northeurope",
            "managed": true,
            "name": "app-set",
            "platform_fault_domain_count": 3,
            "platform_update_domain_count": 3,
            "proximity_placement_group_id": null,
            "resource_group_name": "app-grp",
            "tags": null,
            "timeouts": null
          },
          "sensitive_attributes": [],
          "private": "eyJlMmJmYjczMC1lY2FhLTExZTYtOGY4OC0zNDM2M2JjN2M0YzAiOnsiY3JlYXRlIjoxODAwMDAwMDAwMDAwLCJkZWxldGUiOjE4MDAwMDAwMDAwMDAsInJlYWQiOjMwMDAwMDAwMDAwMCwidXBkYXRlIjoxODAwMDAwMDAwMDAwfX0=",
          "dependencies": [
            "azurerm_resource_group.app_grp"
          ]
        }
      ]
    },
    {
      "mode": "managed",
      "type": "azurerm_lb",
      "name": "app_balancer",
      "provider": "provider[\"registry.terraform.io/hashicorp/azurerm\"]",
      "instances": [
        {
          "schema_version": 0,
          "attributes": {
            "edge_zone": "",
            "frontend_ip_configuration": [
              {
                "gateway_load_balancer_frontend_ip_configuration_id": "",
                "id": "/subscriptions/880d5397-7faf-45d3-9764-9d82bac0d7f9/resourceGroups/app-grp/providers/Microsoft.Network/loadBalancers/app-balancer/frontendIPConfigurations/frontend-ip",
                "inbound_nat_rules": [],
                "load_balancer_rules": [],
                "name": "frontend-ip",
                "outbound_rules": [],
                "private_ip_address": "",
                "private_ip_address_allocation": "Dynamic",
                "private_ip_address_version": "",
                "public_ip_address_id": "/subscriptions/880d5397-7faf-45d3-9764-9d82bac0d7f9/resourceGroups/app-grp/providers/Microsoft.Network/publicIPAddresses/load-ip",
                "public_ip_prefix_id": "",
                "subnet_id": "",
                "zones": null
              }
            ],
            "id": "/subscriptions/880d5397-7faf-45d3-9764-9d82bac0d7f9/resourceGroups/app-grp/providers/Microsoft.Network/loadBalancers/app-balancer",
            "location": "northeurope",
            "name": "app-balancer",
            "private_ip_address": "",
            "private_ip_addresses": [],
            "resource_group_name": "app-grp",
            "sku": "Standard",
            "sku_tier": "Regional",
            "tags": null,
            "timeouts": null
          },
          "sensitive_attributes": [],
          "private": "eyJlMmJmYjczMC1lY2FhLTExZTYtOGY4OC0zNDM2M2JjN2M0YzAiOnsiY3JlYXRlIjoxODAwMDAwMDAwMDAwLCJkZWxldGUiOjE4MDAwMDAwMDAwMDAsInJlYWQiOjMwMDAwMDAwMDAwMCwidXBkYXRlIjoxODAwMDAwMDAwMDAwfX0=",
          "dependencies": [
            "azurerm_public_ip.load_ip",
            "azurerm_resource_group.app_grp"
          ]
        }
      ]
    },
    {
      "mode": "managed",
      "type": "azurerm_lb_backend_address_pool",
      "name": "PoolA",
      "provider": "provider[\"registry.terraform.io/hashicorp/azurerm\"]",
      "instances": [
        {
          "schema_version": 0,
          "attributes": {
            "backend_ip_configurations": [],
            "id": "/subscriptions/880d5397-7faf-45d3-9764-9d82bac0d7f9/resourceGroups/app-grp/providers/Microsoft.Network/loadBalancers/app-balancer/backendAddressPools/PoolA",
            "inbound_nat_rules": [],
            "load_balancing_rules": [],
            "loadbalancer_id": "/subscriptions/880d5397-7faf-45d3-9764-9d82bac0d7f9/resourceGroups/app-grp/providers/Microsoft.Network/loadBalancers/app-balancer",
            "name": "PoolA",
            "outbound_rules": [],
            "timeouts": null,
            "tunnel_interface": [],
            "virtual_network_id": ""
          },
          "sensitive_attributes": [],
          "private": "eyJlMmJmYjczMC1lY2FhLTExZTYtOGY4OC0zNDM2M2JjN2M0YzAiOnsiY3JlYXRlIjoxODAwMDAwMDAwMDAwLCJkZWxldGUiOjE4MDAwMDAwMDAwMDAsInJlYWQiOjMwMDAwMDAwMDAwMCwidXBkYXRlIjoxODAwMDAwMDAwMDAwfX0=",
          "dependencies": [
            "azurerm_lb.app_balancer",
            "azurerm_public_ip.load_ip",
            "azurerm_resource_group.app_grp"
          ]
        }
      ]
    },
    {
      "mode": "managed",
      "type": "azurerm_lb_backend_address_pool_address",
      "name": "appvm1_address",
      "provider": "provider[\"registry.terraform.io/hashicorp/azurerm\"]",
      "instances": [
        {
          "schema_version": 0,
          "attributes": {
            "backend_address_ip_configuration_id": "",
            "backend_address_pool_id": "/subscriptions/880d5397-7faf-45d3-9764-9d82bac0d7f9/resourceGroups/app-grp/providers/Microsoft.Network/loadBalancers/app-balancer/backendAddressPools/PoolA",
            "id": "/subscriptions/880d5397-7faf-45d3-9764-9d82bac0d7f9/resourceGroups/app-grp/providers/Microsoft.Network/loadBalancers/app-balancer/backendAddressPools/PoolA/addresses/appvm1",
            "inbound_nat_rule_port_mapping": [],
            "ip_address": "10.0.1.4",
            "name": "appvm1",
            "timeouts": null,
            "virtual_network_id": "/subscriptions/880d5397-7faf-45d3-9764-9d82bac0d7f9/resourceGroups/app-grp/providers/Microsoft.Network/virtualNetworks/app-network"
          },
          "sensitive_attributes": [],
          "private": "eyJlMmJmYjczMC1lY2FhLTExZTYtOGY4OC0zNDM2M2JjN2M0YzAiOnsiY3JlYXRlIjoxODAwMDAwMDAwMDAwLCJkZWxldGUiOjE4MDAwMDAwMDAwMDAsInJlYWQiOjMwMDAwMDAwMDAwMCwidXBkYXRlIjoxODAwMDAwMDAwMDAwfX0=",
          "dependencies": [
            "azurerm_lb.app_balancer",
            "azurerm_lb_backend_address_pool.PoolA",
            "azurerm_network_interface.app_interface1",
            "azurerm_public_ip.load_ip",
            "azurerm_resource_group.app_grp",
            "azurerm_subnet.SubnetA",
            "azurerm_virtual_network.app_network"
          ]
        }
      ]
    },
    {
      "mode": "managed",
      "type": "azurerm_lb_backend_address_pool_address",
      "name": "appvm2_address",
      "provider": "provider[\"registry.terraform.io/hashicorp/azurerm\"]",
      "instances": [
        {
          "schema_version": 0,
          "attributes": {
            "backend_address_ip_configuration_id": "",
            "backend_address_pool_id": "/subscriptions/880d5397-7faf-45d3-9764-9d82bac0d7f9/resourceGroups/app-grp/providers/Microsoft.Network/loadBalancers/app-balancer/backendAddressPools/PoolA",
            "id": "/subscriptions/880d5397-7faf-45d3-9764-9d82bac0d7f9/resourceGroups/app-grp/providers/Microsoft.Network/loadBalancers/app-balancer/backendAddressPools/PoolA/addresses/appvm2",
            "inbound_nat_rule_port_mapping": [],
            "ip_address": "10.0.1.5",
            "name": "appvm2",
            "timeouts": null,
            "virtual_network_id": "/subscriptions/880d5397-7faf-45d3-9764-9d82bac0d7f9/resourceGroups/app-grp/providers/Microsoft.Network/virtualNetworks/app-network"
          },
          "sensitive_attributes": [],
          "private": "eyJlMmJmYjczMC1lY2FhLTExZTYtOGY4OC0zNDM2M2JjN2M0YzAiOnsiY3JlYXRlIjoxODAwMDAwMDAwMDAwLCJkZWxldGUiOjE4MDAwMDAwMDAwMDAsInJlYWQiOjMwMDAwMDAwMDAwMCwidXBkYXRlIjoxODAwMDAwMDAwMDAwfX0=",
          "dependencies": [
            "azurerm_lb.app_balancer",
            "azurerm_lb_backend_address_pool.PoolA",
            "azurerm_network_interface.app_interface2",
            "azurerm_public_ip.load_ip",
            "azurerm_resource_group.app_grp",
            "azurerm_subnet.SubnetA",
            "azurerm_virtual_network.app_network"
          ]
        }
      ]
    },
    {
      "mode": "managed",
      "type": "azurerm_lb_nat_rule",
      "name": "NATRuleA",
      "provider": "provider[\"registry.terraform.io/hashicorp/azurerm\"]",
      "instances": [
        {
          "schema_version": 0,
          "attributes": {
            "backend_address_pool_id": null,
            "backend_ip_configuration_id": "",
            "backend_port": 3389,
            "enable_floating_ip": false,
            "enable_tcp_reset": false,
            "frontend_ip_configuration_id": "/subscriptions/880d5397-7faf-45d3-9764-9d82bac0d7f9/resourceGroups/app-grp/providers/Microsoft.Network/loadBalancers/app-balancer/frontendIPConfigurations/frontend-ip",
            "frontend_ip_configuration_name": "frontend-ip",
            "frontend_port": 3389,
            "frontend_port_end": null,
            "frontend_port_start": null,
            "id": "/subscriptions/880d5397-7faf-45d3-9764-9d82bac0d7f9/resourceGroups/app-grp/providers/Microsoft.Network/loadBalancers/app-balancer/inboundNatRules/RDPAccess",
            "idle_timeout_in_minutes": 4,
            "loadbalancer_id": "/subscriptions/880d5397-7faf-45d3-9764-9d82bac0d7f9/resourceGroups/app-grp/providers/Microsoft.Network/loadBalancers/app-balancer",
            "name": "RDPAccess",
            "protocol": "Tcp",
            "resource_group_name": "app-grp",
            "timeouts": null
          },
          "sensitive_attributes": [],
          "private": "eyJlMmJmYjczMC1lY2FhLTExZTYtOGY4OC0zNDM2M2JjN2M0YzAiOnsiY3JlYXRlIjoxODAwMDAwMDAwMDAwLCJkZWxldGUiOjE4MDAwMDAwMDAwMDAsInJlYWQiOjMwMDAwMDAwMDAwMCwidXBkYXRlIjoxODAwMDAwMDAwMDAwfX0=",
          "dependencies": [
            "azurerm_lb.app_balancer",
            "azurerm_public_ip.load_ip",
            "azurerm_resource_group.app_grp"
          ]
        }
      ]
    },
    {
      "mode": "managed",
      "type": "azurerm_lb_probe",
      "name": "ProbeA",
      "provider": "provider[\"registry.terraform.io/hashicorp/azurerm\"]",
      "instances": [
        {
          "schema_version": 0,
          "attributes": {
            "id": "/subscriptions/880d5397-7faf-45d3-9764-9d82bac0d7f9/resourceGroups/app-grp/providers/Microsoft.Network/loadBalancers/app-balancer/probes/probeA",
            "interval_in_seconds": 15,
            "load_balancer_rules": [],
            "loadbalancer_id": "/subscriptions/880d5397-7faf-45d3-9764-9d82bac0d7f9/resourceGroups/app-grp/providers/Microsoft.Network/loadBalancers/app-balancer",
            "name": "probeA",
            "number_of_probes": 2,
            "port": 80,
            "probe_threshold": 1,
            "protocol": "Tcp",
            "request_path": "",
            "timeouts": null
          },
          "sensitive_attributes": [],
          "private": "eyJlMmJmYjczMC1lY2FhLTExZTYtOGY4OC0zNDM2M2JjN2M0YzAiOnsiY3JlYXRlIjoxODAwMDAwMDAwMDAwLCJkZWxldGUiOjE4MDAwMDAwMDAwMDAsInJlYWQiOjMwMDAwMDAwMDAwMCwidXBkYXRlIjoxODAwMDAwMDAwMDAwfX0=",
          "dependencies": [
            "azurerm_lb.app_balancer",
            "azurerm_public_ip.load_ip",
            "azurerm_resource_group.app_grp"
          ]
        }
      ]
    },
    {
      "mode": "managed",
      "type": "azurerm_lb_rule",
      "name": "RuleA",
      "provider": "provider[\"registry.terraform.io/hashicorp/azurerm\"]",
      "instances": [
        {
          "schema_version": 0,
          "attributes": {
            "backend_address_pool_ids": [
              "/subscriptions/880d5397-7faf-45d3-9764-9d82bac0d7f9/resourceGroups/app-grp/providers/Microsoft.Network/loadBalancers/app-balancer/backendAddressPools/PoolA"
            ],
            "backend_port": 80,
            "disable_outbound_snat": false,
            "enable_floating_ip": false,
            "enable_tcp_reset": false,
            "frontend_ip_configuration_id": "/subscriptions/880d5397-7faf-45d3-9764-9d82bac0d7f9/resourceGroups/app-grp/providers/Microsoft.Network/loadBalancers/app-balancer/frontendIPConfigurations/frontend-ip",
            "frontend_ip_configuration_name": "frontend-ip",
            "frontend_port": 80,
            "id": "/subscriptions/880d5397-7faf-45d3-9764-9d82bac0d7f9/resourceGroups/app-grp/providers/Microsoft.Network/loadBalancers/app-balancer/loadBalancingRules/RuleA",
            "idle_timeout_in_minutes": 4,
            "load_distribution": "Default",
            "loadbalancer_id": "/subscriptions/880d5397-7faf-45d3-9764-9d82bac0d7f9/resourceGroups/app-grp/providers/Microsoft.Network/loadBalancers/app-balancer",
            "name": "RuleA",
            "probe_id": "",
            "protocol": "Tcp",
            "timeouts": null
          },
          "sensitive_attributes": [],
          "private": "eyJlMmJmYjczMC1lY2FhLTExZTYtOGY4OC0zNDM2M2JjN2M0YzAiOnsiY3JlYXRlIjoxODAwMDAwMDAwMDAwLCJkZWxldGUiOjE4MDAwMDAwMDAwMDAsInJlYWQiOjMwMDAwMDAwMDAwMCwidXBkYXRlIjoxODAwMDAwMDAwMDAwfX0=",
          "dependencies": [
            "azurerm_lb.app_balancer",
            "azurerm_lb_backend_address_pool.PoolA",
            "azurerm_public_ip.load_ip",
            "azurerm_resource_group.app_grp"
          ]
        }
      ]
    },
    {
      "mode": "managed",
      "type": "azurerm_managed_disk",
      "name": "data_disk",
      "provider": "provider[\"registry.terraform.io/hashicorp/azurerm\"]",
      "instances": [
        {
          "schema_version": 1,
          "attributes": {
            "create_option": "Empty",
            "disk_access_id": "",
            "disk_encryption_set_id": "",
            "disk_iops_read_only": 0,
            "disk_iops_read_write": 500,
            "disk_mbps_read_only": 0,
            "disk_mbps_read_write": 60,
            "disk_size_gb": 16,
            "edge_zone": "",
            "encryption_settings": [],
            "gallery_image_reference_id": "",
            "hyper_v_generation": "",
            "id": "/subscriptions/880d5397-7faf-45d3-9764-9d82bac0d7f9/resourceGroups/app-grp/providers/Microsoft.Compute/disks/data-disk",
            "image_reference_id": "",
            "location": "northeurope",
            "logical_sector_size": null,
            "max_shares": 0,
            "name": "data-disk",
            "network_access_policy": null,
            "on_demand_bursting_enabled": false,
            "optimized_frequent_attach_enabled": false,
            "os_type": "",
            "performance_plus_enabled": false,
            "public_network_access_enabled": true,
            "resource_group_name": "app-grp",
            "secure_vm_disk_encryption_set_id": "",
            "security_type": "",
            "source_resource_id": "",
            "source_uri": "",
            "storage_account_id": "",
            "storage_account_type": "Standard_LRS",
            "tags": null,
            "tier": "",
            "timeouts": null,
            "trusted_launch_enabled": false,
            "upload_size_bytes": 0,
            "zone": ""
          },
          "sensitive_attributes": [],
          "private": "eyJlMmJmYjczMC1lY2FhLTExZTYtOGY4OC0zNDM2M2JjN2M0YzAiOnsiY3JlYXRlIjoxODAwMDAwMDAwMDAwLCJkZWxldGUiOjE4MDAwMDAwMDAwMDAsInJlYWQiOjMwMDAwMDAwMDAwMCwidXBkYXRlIjoxODAwMDAwMDAwMDAwfSwic2NoZW1hX3ZlcnNpb24iOiIxIn0="
        }
      ]
    },
    {
      "mode": "managed",
      "type": "azurerm_network_interface",
      "name": "app_interface1",
      "provider": "provider[\"registry.terraform.io/hashicorp/azurerm\"]",
      "instances": [
        {
          "schema_version": 0,
          "attributes": {
            "applied_dns_servers": [],
            "auxiliary_mode": "",
            "auxiliary_sku": "",
            "dns_servers": [],
            "edge_zone": "",
            "enable_accelerated_networking": false,
            "enable_ip_forwarding": false,
            "id": "/subscriptions/880d5397-7faf-45d3-9764-9d82bac0d7f9/resourceGroups/app-grp/providers/Microsoft.Network/networkInterfaces/app-interface1",
            "internal_dns_name_label": "",
            "internal_domain_name_suffix": "othjjburacwupojclwjrxss3vc.fx.internal.cloudapp.net",
            "ip_configuration": [
              {
                "gateway_load_balancer_frontend_ip_configuration_id": "",
                "name": "internal",
                "primary": true,
                "private_ip_address": "10.0.1.4",
                "private_ip_address_allocation": "Dynamic",
                "private_ip_address_version": "IPv4",
                "public_ip_address_id": "",
                "subnet_id": "/subscriptions/880d5397-7faf-45d3-9764-9d82bac0d7f9/resourceGroups/app-grp/providers/Microsoft.Network/virtualNetworks/app-network/subnets/SubnetA"
              }
            ],
            "location": "northeurope",
            "mac_address": "",
            "name": "app-interface1",
            "private_ip_address": "10.0.1.4",
            "private_ip_addresses": [
              "10.0.1.4"
            ],
            "resource_group_name": "app-grp",
            "tags": null,
            "timeouts": null,
            "virtual_machine_id": ""
          },
          "sensitive_attributes": [],
          "private": "eyJlMmJmYjczMC1lY2FhLTExZTYtOGY4OC0zNDM2M2JjN2M0YzAiOnsiY3JlYXRlIjoxODAwMDAwMDAwMDAwLCJkZWxldGUiOjE4MDAwMDAwMDAwMDAsInJlYWQiOjMwMDAwMDAwMDAwMCwidXBkYXRlIjoxODAwMDAwMDAwMDAwfX0=",
          "dependencies": [
            "azurerm_resource_group.app_grp",
            "azurerm_subnet.SubnetA",
            "azurerm_virtual_network.app_network"
          ]
        }
      ]
    },
    {
      "mode": "managed",
      "type": "azurerm_network_interface",
      "name": "app_interface2",
      "provider": "provider[\"registry.terraform.io/hashicorp/azurerm\"]",
      "instances": [
        {
          "schema_version": 0,
          "attributes": {
            "applied_dns_servers": [],
            "auxiliary_mode": "",
            "auxiliary_sku": "",
            "dns_servers": [],
            "edge_zone": "",
            "enable_accelerated_networking": false,
            "enable_ip_forwarding": false,
            "id": "/subscriptions/880d5397-7faf-45d3-9764-9d82bac0d7f9/resourceGroups/app-grp/providers/Microsoft.Network/networkInterfaces/app-interface2",
            "internal_dns_name_label": "",
            "internal_domain_name_suffix": "othjjburacwupojclwjrxss3vc.fx.internal.cloudapp.net",
            "ip_configuration": [
              {
                "gateway_load_balancer_frontend_ip_configuration_id": "",
                "name": "internal",
                "primary": true,
                "private_ip_address": "10.0.1.5",
                "private_ip_address_allocation": "Dynamic",
                "private_ip_address_version": "IPv4",
                "public_ip_address_id": "",
                "subnet_id": "/subscriptions/880d5397-7faf-45d3-9764-9d82bac0d7f9/resourceGroups/app-grp/providers/Microsoft.Network/virtualNetworks/app-network/subnets/SubnetA"
              }
            ],
            "location": "northeurope",
            "mac_address": "",
            "name": "app-interface2",
            "private_ip_address": "10.0.1.5",
            "private_ip_addresses": [
              "10.0.1.5"
            ],
            "resource_group_name": "app-grp",
            "tags": null,
            "timeouts": null,
            "virtual_machine_id": ""
          },
          "sensitive_attributes": [],
          "private": "eyJlMmJmYjczMC1lY2FhLTExZTYtOGY4OC0zNDM2M2JjN2M0YzAiOnsiY3JlYXRlIjoxODAwMDAwMDAwMDAwLCJkZWxldGUiOjE4MDAwMDAwMDAwMDAsInJlYWQiOjMwMDAwMDAwMDAwMCwidXBkYXRlIjoxODAwMDAwMDAwMDAwfX0=",
          "dependencies": [
            "azurerm_resource_group.app_grp",
            "azurerm_subnet.SubnetA",
            "azurerm_virtual_network.app_network"
          ]
        }
      ]
    },
    {
      "mode": "managed",
      "type": "azurerm_network_security_group",
      "name": "app_nsg",
      "provider": "provider[\"registry.terraform.io/hashicorp/azurerm\"]",
      "instances": [
        {
          "schema_version": 0,
          "attributes": {
            "id": "/subscriptions/880d5397-7faf-45d3-9764-9d82bac0d7f9/resourceGroups/app-grp/providers/Microsoft.Network/networkSecurityGroups/app-nsg",
            "location": "northeurope",
            "name": "app-nsg",
            "resource_group_name": "app-grp",
            "security_rule": [
              {
                "access": "Allow",
                "description": "",
                "destination_address_prefix": "*",
                "destination_address_prefixes": [],
                "destination_application_security_group_ids": [],
                "destination_port_range": "80",
                "destination_port_ranges": [],
                "direction": "Inbound",
                "name": "Allow_HTTP",
                "priority": 200,
                "protocol": "Tcp",
                "source_address_prefix": "*",
                "source_address_prefixes": [],
                "source_application_security_group_ids": [],
                "source_port_range": "*",
                "source_port_ranges": []
              }
            ],
            "tags": null,
            "timeouts": null
          },
          "sensitive_attributes": [],
          "private": "eyJlMmJmYjczMC1lY2FhLTExZTYtOGY4OC0zNDM2M2JjN2M0YzAiOnsiY3JlYXRlIjoxODAwMDAwMDAwMDAwLCJkZWxldGUiOjE4MDAwMDAwMDAwMDAsInJlYWQiOjMwMDAwMDAwMDAwMCwidXBkYXRlIjoxODAwMDAwMDAwMDAwfX0=",
          "dependencies": [
            "azurerm_resource_group.app_grp"
          ]
        }
      ]
    },
    {
      "mode": "managed",
      "type": "azurerm_public_ip",
      "name": "load_ip",
      "provider": "provider[\"registry.terraform.io/hashicorp/azurerm\"]",
      "instances": [
        {
          "schema_version": 0,
          "attributes": {
            "allocation_method": "Static",
            "ddos_protection_mode": "VirtualNetworkInherited",
            "ddos_protection_plan_id": null,
            "domain_name_label": null,
            "edge_zone": "",
            "fqdn": null,
            "id": "/subscriptions/880d5397-7faf-45d3-9764-9d82bac0d7f9/resourceGroups/app-grp/providers/Microsoft.Network/publicIPAddresses/load-ip",
            "idle_timeout_in_minutes": 4,
            "ip_address": "20.238.74.253",
            "ip_tags": null,
            "ip_version": "IPv4",
            "location": "northeurope",
            "name": "load-ip",
            "public_ip_prefix_id": null,
            "resource_group_name": "app-grp",
            "reverse_fqdn": null,
            "sku": "Standard",
            "sku_tier": "Regional",
            "tags": null,
            "timeouts": null,
            "zones": null
          },
          "sensitive_attributes": [],
          "private": "eyJlMmJmYjczMC1lY2FhLTExZTYtOGY4OC0zNDM2M2JjN2M0YzAiOnsiY3JlYXRlIjoxODAwMDAwMDAwMDAwLCJkZWxldGUiOjE4MDAwMDAwMDAwMDAsInJlYWQiOjMwMDAwMDAwMDAwMCwidXBkYXRlIjoxODAwMDAwMDAwMDAwfX0=",
          "dependencies": [
            "azurerm_resource_group.app_grp"
          ]
        }
      ]
    },
    {
      "mode": "managed",
      "type": "azurerm_resource_group",
      "name": "app_grp",
      "provider": "provider[\"registry.terraform.io/hashicorp/azurerm\"]",
      "instances": [
        {
          "schema_version": 0,
          "attributes": {
            "id": "/subscriptions/880d5397-7faf-45d3-9764-9d82bac0d7f9/resourceGroups/app-grp",
            "location": "northeurope",
            "managed_by": "",
            "name": "app-grp",
            "tags": {},
            "timeouts": null
          },
          "sensitive_attributes": [],
          "private": "eyJlMmJmYjczMC1lY2FhLTExZTYtOGY4OC0zNDM2M2JjN2M0YzAiOnsiY3JlYXRlIjo1NDAwMDAwMDAwMDAwLCJkZWxldGUiOjU0MDAwMDAwMDAwMDAsInJlYWQiOjMwMDAwMDAwMDAwMCwidXBkYXRlIjo1NDAwMDAwMDAwMDAwfX0="
        }
      ]
    },
    {
      "mode": "managed",
      "type": "azurerm_storage_account",
      "name": "appstore",
      "provider": "provider[\"registry.terraform.io/hashicorp/azurerm\"]",
      "instances": [
        {
          "status": "tainted",
          "schema_version": 4,
          "attributes": {
            "access_tier": "Hot",
            "account_kind": "StorageV2",
            "account_replication_type": "LRS",
            "account_tier": "Standard",
            "allow_nested_items_to_be_public": true,
            "allowed_copy_scope": "",
            "azure_files_authentication": [],
            "blob_properties": [
              {
                "change_feed_enabled": false,
                "change_feed_retention_in_days": 0,
                "container_delete_retention_policy": [],
                "cors_rule": [],
                "default_service_version": "",
                "delete_retention_policy": [],
                "last_access_time_enabled": false,
                "restore_policy": [],
                "versioning_enabled": false
              }
            ],
            "cross_tenant_replication_enabled": true,
            "custom_domain": [],
            "customer_managed_key": [],
            "default_to_oauth_authentication": false,
            "edge_zone": "",
            "enable_https_traffic_only": true,
            "id": "/subscriptions/880d5397-7faf-45d3-9764-9d82bac0d7f9/resourceGroups/app-grp/providers/Microsoft.Storage/storageAccounts/badal1997",
            "identity": [],
            "immutability_policy": [],
            "infrastructure_encryption_enabled": false,
            "is_hns_enabled": false,
            "large_file_share_enabled": null,
            "location": "northeurope",
            "min_tls_version": "TLS1_2",
            "name": "badal1997",
            "network_rules": [
              {
                "bypass": [
                  "AzureServices"
                ],
                "default_action": "Allow",
                "ip_rules": [],
                "private_link_access": [],
                "virtual_network_subnet_ids": []
              }
            ],
            "nfsv3_enabled": false,
            "primary_access_key": "N4oT17+p06Zgzn9RQ36Apw2b4Hq8IUCy58DTXW4Ha3X275xht9eOPQ5JlkUGmbOGW9ZmNMXF8v0a+AStSQQTNQ==",
            "primary_blob_connection_string": "DefaultEndpointsProtocol=https;BlobEndpoint=https://badal1997.blob.core.windows.net/;AccountName=badal1997;AccountKey=N4oT17+p06Zgzn9RQ36Apw2b4Hq8IUCy58DTXW4Ha3X275xht9eOPQ5JlkUGmbOGW9ZmNMXF8v0a+AStSQQTNQ==",
            "primary_blob_endpoint": "https://badal1997.blob.core.windows.net/",
            "primary_blob_host": "badal1997.blob.core.windows.net",
            "primary_connection_string": "DefaultEndpointsProtocol=https;AccountName=badal1997;AccountKey=N4oT17+p06Zgzn9RQ36Apw2b4Hq8IUCy58DTXW4Ha3X275xht9eOPQ5JlkUGmbOGW9ZmNMXF8v0a+AStSQQTNQ==;EndpointSuffix=core.windows.net",
            "primary_dfs_endpoint": "https://badal1997.dfs.core.windows.net/",
            "primary_dfs_host": "badal1997.dfs.core.windows.net",
            "primary_file_endpoint": "https://badal1997.file.core.windows.net/",
            "primary_file_host": "badal1997.file.core.windows.net",
            "primary_location": "northeurope",
            "primary_queue_endpoint": "https://badal1997.queue.core.windows.net/",
            "primary_queue_host": "badal1997.queue.core.windows.net",
            "primary_table_endpoint": "https://badal1997.table.core.windows.net/",
            "primary_table_host": "badal1997.table.core.windows.net",
            "primary_web_endpoint": "https://badal1997.z16.web.core.windows.net/",
            "primary_web_host": "badal1997.z16.web.core.windows.net",
            "public_network_access_enabled": true,
            "queue_encryption_key_type": "Service",
            "queue_properties": null,
            "resource_group_name": "app-grp",
            "routing": [],
            "sas_policy": [],
            "secondary_access_key": "sfgj6UbjVRmMx7oI26xaZz1rT4S/tZFo2AtF6UuwxFg81hsqcpbPvQwEPzXh+RH7jCup/0auN/5H+ASt510zPg==",
            "secondary_blob_connection_string": "",
            "secondary_blob_endpoint": null,
            "secondary_blob_host": null,
            "secondary_connection_string": "DefaultEndpointsProtocol=https;AccountName=badal1997;AccountKey=sfgj6UbjVRmMx7oI26xaZz1rT4S/tZFo2AtF6UuwxFg81hsqcpbPvQwEPzXh+RH7jCup/0auN/5H+ASt510zPg==;EndpointSuffix=core.windows.net",
            "secondary_dfs_endpoint": null,
            "secondary_dfs_host": null,
            "secondary_file_endpoint": null,
            "secondary_file_host": null,
            "secondary_location": "",
            "secondary_queue_endpoint": null,
            "secondary_queue_host": null,
            "secondary_table_endpoint": null,
            "secondary_table_host": null,
            "secondary_web_endpoint": null,
            "secondary_web_host": null,
            "sftp_enabled": false,
            "share_properties": null,
            "shared_access_key_enabled": true,
            "static_website": [],
            "table_encryption_key_type": "Service",
            "tags": null,
            "timeouts": null
          },
          "sensitive_attributes": [],
          "private": "eyJlMmJmYjczMC1lY2FhLTExZTYtOGY4OC0zNDM2M2JjN2M0YzAiOnsiY3JlYXRlIjozNjAwMDAwMDAwMDAwLCJkZWxldGUiOjM2MDAwMDAwMDAwMDAsInJlYWQiOjMwMDAwMDAwMDAwMCwidXBkYXRlIjozNjAwMDAwMDAwMDAwfSwic2NoZW1hX3ZlcnNpb24iOiI0In0=",
          "dependencies": [
            "azurerm_resource_group.app_grp"
          ]
        }
      ]
    },
    {
      "mode": "managed",
      "type": "azurerm_storage_blob",
      "name": "IIS_config",
      "provider": "provider[\"registry.terraform.io/hashicorp/azurerm\"]",
      "instances": []
    },
    {
      "mode": "managed",
      "type": "azurerm_storage_container",
      "name": "data",
      "provider": "provider[\"registry.terraform.io/hashicorp/azurerm\"]",
      "instances": []
    },
    {
      "mode": "managed",
      "type": "azurerm_subnet",
      "name": "SubnetA",
      "provider": "provider[\"registry.terraform.io/hashicorp/azurerm\"]",
      "instances": [
        {
          "schema_version": 0,
          "attributes": {
            "address_prefixes": [
              "10.0.1.0/24"
            ],
            "delegation": [],
            "enforce_private_link_endpoint_network_policies": false,
            "enforce_private_link_service_network_policies": false,
            "id": "/subscriptions/880d5397-7faf-45d3-9764-9d82bac0d7f9/resourceGroups/app-grp/providers/Microsoft.Network/virtualNetworks/app-network/subnets/SubnetA",
            "name": "SubnetA",
            "private_endpoint_network_policies_enabled": true,
            "private_link_service_network_policies_enabled": true,
            "resource_group_name": "app-grp",
            "service_endpoint_policy_ids": null,
            "service_endpoints": null,
            "timeouts": null,
            "virtual_network_name": "app-network"
          },
          "sensitive_attributes": [],
          "private": "eyJlMmJmYjczMC1lY2FhLTExZTYtOGY4OC0zNDM2M2JjN2M0YzAiOnsiY3JlYXRlIjoxODAwMDAwMDAwMDAwLCJkZWxldGUiOjE4MDAwMDAwMDAwMDAsInJlYWQiOjMwMDAwMDAwMDAwMCwidXBkYXRlIjoxODAwMDAwMDAwMDAwfX0=",
          "dependencies": [
            "azurerm_resource_group.app_grp",
            "azurerm_virtual_network.app_network"
          ]
        }
      ]
    },
    {
      "mode": "managed",
      "type": "azurerm_subnet_network_security_group_association",
      "name": "nsg_association",
      "provider": "provider[\"registry.terraform.io/hashicorp/azurerm\"]",
      "instances": [
        {
          "schema_version": 0,
          "attributes": {
            "id": "/subscriptions/880d5397-7faf-45d3-9764-9d82bac0d7f9/resourceGroups/app-grp/providers/Microsoft.Network/virtualNetworks/app-network/subnets/SubnetA",
            "network_security_group_id": "/subscriptions/880d5397-7faf-45d3-9764-9d82bac0d7f9/resourceGroups/app-grp/providers/Microsoft.Network/networkSecurityGroups/app-nsg",
            "subnet_id": "/subscriptions/880d5397-7faf-45d3-9764-9d82bac0d7f9/resourceGroups/app-grp/providers/Microsoft.Network/virtualNetworks/app-network/subnets/SubnetA",
            "timeouts": null
          },
          "sensitive_attributes": [],
          "private": "eyJlMmJmYjczMC1lY2FhLTExZTYtOGY4OC0zNDM2M2JjN2M0YzAiOnsiY3JlYXRlIjoxODAwMDAwMDAwMDAwLCJkZWxldGUiOjE4MDAwMDAwMDAwMDAsInJlYWQiOjMwMDAwMDAwMDAwMH19",
          "dependencies": [
            "azurerm_network_security_group.app_nsg",
            "azurerm_resource_group.app_grp",
            "azurerm_subnet.SubnetA",
            "azurerm_virtual_network.app_network"
          ]
        }
      ]
    },
    {
      "mode": "managed",
      "type": "azurerm_virtual_machine_extension",
      "name": "vm_extension",
      "provider": "provider[\"registry.terraform.io/hashicorp/azurerm\"]",
      "instances": []
    },
    {
      "mode": "managed",
      "type": "azurerm_virtual_machine_extension",
      "name": "vm_extension1",
      "provider": "provider[\"registry.terraform.io/hashicorp/azurerm\"]",
      "instances": []
    },
    {
      "mode": "managed",
      "type": "azurerm_virtual_machine_extension",
      "name": "vm_extension2",
      "provider": "provider[\"registry.terraform.io/hashicorp/azurerm\"]",
      "instances": []
    },
    {
      "mode": "managed",
      "type": "azurerm_virtual_network",
      "name": "app_network",
      "provider": "provider[\"registry.terraform.io/hashicorp/azurerm\"]",
      "instances": [
        {
          "schema_version": 0,
          "attributes": {
            "address_space": [
              "10.0.0.0/16"
            ],
            "bgp_community": "",
            "ddos_protection_plan": [],
            "dns_servers": [],
            "edge_zone": "",
            "encryption": [],
            "flow_timeout_in_minutes": 0,
            "guid": "8694ce74-0091-47ad-b922-5d931bca5daa",
            "id": "/subscriptions/880d5397-7faf-45d3-9764-9d82bac0d7f9/resourceGroups/app-grp/providers/Microsoft.Network/virtualNetworks/app-network",
            "location": "northeurope",
            "name": "app-network",
            "resource_group_name": "app-grp",
            "subnet": [],
            "tags": null,
            "timeouts": null
          },
          "sensitive_attributes": [],
          "private": "eyJlMmJmYjczMC1lY2FhLTExZTYtOGY4OC0zNDM2M2JjN2M0YzAiOnsiY3JlYXRlIjoxODAwMDAwMDAwMDAwLCJkZWxldGUiOjE4MDAwMDAwMDAwMDAsInJlYWQiOjMwMDAwMDAwMDAwMCwidXBkYXRlIjoxODAwMDAwMDAwMDAwfX0=",
          "dependencies": [
            "azurerm_resource_group.app_grp"
          ]
        }
      ]
    },
    {
      "mode": "managed",
      "type": "azurerm_windows_virtual_machine",
      "name": "app_vm1",
      "provider": "provider[\"registry.terraform.io/hashicorp/azurerm\"]",
      "instances": [
        {
          "schema_version": 0,
          "attributes": {
            "additional_capabilities": [],
            "additional_unattend_content": [],
            "admin_password": "Azure@123",
            "admin_username": "demousr",
            "allow_extension_operations": true,
            "availability_set_id": "/subscriptions/880d5397-7faf-45d3-9764-9d82bac0d7f9/resourceGroups/app-grp/providers/Microsoft.Compute/availabilitySets/APP-SET",
            "boot_diagnostics": [],
            "bypass_platform_safety_checks_on_user_schedule_enabled": false,
            "capacity_reservation_group_id": "",
            "computer_name": "appvm1",
            "custom_data": null,
            "dedicated_host_group_id": "",
            "dedicated_host_id": "",
            "edge_zone": "",
            "enable_automatic_updates": true,
            "encryption_at_host_enabled": false,
            "eviction_policy": "",
            "extensions_time_budget": "PT1H30M",
            "gallery_application": [],
            "hotpatching_enabled": false,
            "id": "/subscriptions/880d5397-7faf-45d3-9764-9d82bac0d7f9/resourceGroups/app-grp/providers/Microsoft.Compute/virtualMachines/appvm1",
            "identity": [],
            "license_type": "",
            "location": "northeurope",
            "max_bid_price": -1,
            "name": "appvm1",
            "network_interface_ids": [
              "/subscriptions/880d5397-7faf-45d3-9764-9d82bac0d7f9/resourceGroups/app-grp/providers/Microsoft.Network/networkInterfaces/app-interface1"
            ],
            "os_disk": [
              {
                "caching": "ReadWrite",
                "diff_disk_settings": [],
                "disk_encryption_set_id": "",
                "disk_size_gb": 127,
                "name": "appvm1_OsDisk_1_ec97f8b5cd204448b2abdbce49ce130e",
                "secure_vm_disk_encryption_set_id": "",
                "security_encryption_type": "",
                "storage_account_type": "Standard_LRS",
                "write_accelerator_enabled": false
              }
            ],
            "patch_assessment_mode": "ImageDefault",
            "patch_mode": "AutomaticByOS",
            "plan": [],
            "platform_fault_domain": -1,
            "priority": "Regular",
            "private_ip_address": "10.0.1.4",
            "private_ip_addresses": [
              "10.0.1.4"
            ],
            "provision_vm_agent": true,
            "proximity_placement_group_id": "",
            "public_ip_address": "",
            "public_ip_addresses": [],
            "reboot_setting": "",
            "resource_group_name": "app-grp",
            "secret": [],
            "secure_boot_enabled": false,
            "size": "Standard_D2s_v3",
            "source_image_id": "",
            "source_image_reference": [
              {
                "offer": "WindowsServer",
                "publisher": "MicrosoftWindowsServer",
                "sku": "2019-Datacenter",
                "version": "latest"
              }
            ],
            "tags": null,
            "termination_notification": null,
            "timeouts": null,
            "timezone": "",
            "user_data": "",
            "virtual_machine_id": "63b11835-2135-4b3c-9f37-e5e42ef03655",
            "virtual_machine_scale_set_id": "",
            "vtpm_enabled": false,
            "winrm_listener": [],
            "zone": ""
          },
          "sensitive_attributes": [],
          "private": "eyJlMmJmYjczMC1lY2FhLTExZTYtOGY4OC0zNDM2M2JjN2M0YzAiOnsiY3JlYXRlIjoyNzAwMDAwMDAwMDAwLCJkZWxldGUiOjI3MDAwMDAwMDAwMDAsInJlYWQiOjMwMDAwMDAwMDAwMCwidXBkYXRlIjoyNzAwMDAwMDAwMDAwfX0=",
          "dependencies": [
            "azurerm_availability_set.app_set",
            "azurerm_network_interface.app_interface1",
            "azurerm_resource_group.app_grp",
            "azurerm_subnet.SubnetA",
            "azurerm_virtual_network.app_network"
          ]
        }
      ]
    },
    {
      "mode": "managed",
      "type": "azurerm_windows_virtual_machine",
      "name": "app_vm2",
      "provider": "provider[\"registry.terraform.io/hashicorp/azurerm\"]",
      "instances": [
        {
          "schema_version": 0,
          "attributes": {
            "additional_capabilities": [],
            "additional_unattend_content": [],
            "admin_password": "Azure@123",
            "admin_username": "demousr",
            "allow_extension_operations": true,
            "availability_set_id": "/subscriptions/880d5397-7faf-45d3-9764-9d82bac0d7f9/resourceGroups/app-grp/providers/Microsoft.Compute/availabilitySets/APP-SET",
            "boot_diagnostics": [],
            "bypass_platform_safety_checks_on_user_schedule_enabled": false,
            "capacity_reservation_group_id": "",
            "computer_name": "appvm2",
            "custom_data": null,
            "dedicated_host_group_id": "",
            "dedicated_host_id": "",
            "edge_zone": "",
            "enable_automatic_updates": true,
            "encryption_at_host_enabled": false,
            "eviction_policy": "",
            "extensions_time_budget": "PT1H30M",
            "gallery_application": [],
            "hotpatching_enabled": false,
            "id": "/subscriptions/880d5397-7faf-45d3-9764-9d82bac0d7f9/resourceGroups/app-grp/providers/Microsoft.Compute/virtualMachines/appvm2",
            "identity": [],
            "license_type": "",
            "location": "northeurope",
            "max_bid_price": -1,
            "name": "appvm2",
            "network_interface_ids": [
              "/subscriptions/880d5397-7faf-45d3-9764-9d82bac0d7f9/resourceGroups/app-grp/providers/Microsoft.Network/networkInterfaces/app-interface2"
            ],
            "os_disk": [
              {
                "caching": "ReadWrite",
                "diff_disk_settings": [],
                "disk_encryption_set_id": "",
                "disk_size_gb": 127,
                "name": "appvm2_OsDisk_1_9695b058afd846549b0efadbb5bd3598",
                "secure_vm_disk_encryption_set_id": "",
                "security_encryption_type": "",
                "storage_account_type": "Standard_LRS",
                "write_accelerator_enabled": false
              }
            ],
            "patch_assessment_mode": "ImageDefault",
            "patch_mode": "AutomaticByOS",
            "plan": [],
            "platform_fault_domain": -1,
            "priority": "Regular",
            "private_ip_address": "10.0.1.5",
            "private_ip_addresses": [
              "10.0.1.5"
            ],
            "provision_vm_agent": true,
            "proximity_placement_group_id": "",
            "public_ip_address": "",
            "public_ip_addresses": [],
            "reboot_setting": "",
            "resource_group_name": "app-grp",
            "secret": [],
            "secure_boot_enabled": false,
            "size": "Standard_D2s_v3",
            "source_image_id": "",
            "source_image_reference": [
              {
                "offer": "WindowsServer",
                "publisher": "MicrosoftWindowsServer",
                "sku": "2019-Datacenter",
                "version": "latest"
              }
            ],
            "tags": null,
            "termination_notification": null,
            "timeouts": null,
            "timezone": "",
            "user_data": "",
            "virtual_machine_id": "799e993c-5503-4901-92fa-dc6f54208429",
            "virtual_machine_scale_set_id": "",
            "vtpm_enabled": false,
            "winrm_listener": [],
            "zone": ""
          },
          "sensitive_attributes": [],
          "private": "eyJlMmJmYjczMC1lY2FhLTExZTYtOGY4OC0zNDM2M2JjN2M0YzAiOnsiY3JlYXRlIjoyNzAwMDAwMDAwMDAwLCJkZWxldGUiOjI3MDAwMDAwMDAwMDAsInJlYWQiOjMwMDAwMDAwMDAwMCwidXBkYXRlIjoyNzAwMDAwMDAwMDAwfX0=",
          "dependencies": [
            "azurerm_availability_set.app_set",
            "azurerm_network_interface.app_interface2",
            "azurerm_resource_group.app_grp",
            "azurerm_subnet.SubnetA",
            "azurerm_virtual_network.app_network"
          ]
        }
      ]
    }
  ],
  "check_results": null
}
